// !$*UTF8*$!
{
	archiveVersion = 1;
	classes = {
	};
	objectVersion = 50;
	objects = {

/* Begin PBXBuildFile section */
		5003FAD6231F6C0100D06560 /* AppDelegate.m in Sources */ = {isa = PBXBuildFile; fileRef = 5003FAD5231F6C0100D06560 /* AppDelegate.m */; };
		5003FAD9231F6C0100D06560 /* ViewController.m in Sources */ = {isa = PBXBuildFile; fileRef = 5003FAD8231F6C0100D06560 /* ViewController.m */; };
		5003FADC231F6C0100D06560 /* Main.storyboard in Resources */ = {isa = PBXBuildFile; fileRef = 5003FADA231F6C0100D06560 /* Main.storyboard */; };
		5003FADE231F6C0300D06560 /* Assets.xcassets in Resources */ = {isa = PBXBuildFile; fileRef = 5003FADD231F6C0300D06560 /* Assets.xcassets */; };
		5003FAE1231F6C0300D06560 /* LaunchScreen.storyboard in Resources */ = {isa = PBXBuildFile; fileRef = 5003FADF231F6C0300D06560 /* LaunchScreen.storyboard */; };
		5003FAE4231F6C0300D06560 /* main.m in Sources */ = {isa = PBXBuildFile; fileRef = 5003FAE3231F6C0300D06560 /* main.m */; };
		5003FAEE231F6C0300D06560 /* ZHFigureDrawingLayerTests.m in Sources */ = {isa = PBXBuildFile; fileRef = 5003FAED231F6C0300D06560 /* ZHFigureDrawingLayerTests.m */; };
		5003FAF9231F6C0300D06560 /* ZHFigureDrawingLayerUITests.m in Sources */ = {isa = PBXBuildFile; fileRef = 5003FAF8231F6C0300D06560 /* ZHFigureDrawingLayerUITests.m */; };
		5003FB0A231FA46F00D06560 /* ZHFigureDrawingLayer.m in Sources */ = {isa = PBXBuildFile; fileRef = 5003FB09231FA46F00D06560 /* ZHFigureDrawingLayer.m */; };
		5003FB0E231FA5F700D06560 /* ZHDrawingArrowLayer.m in Sources */ = {isa = PBXBuildFile; fileRef = 5003FB0D231FA5F700D06560 /* ZHDrawingArrowLayer.m */; };
		5003FB11231FA66F00D06560 /* ZHDrawingGraffitiLayer.m in Sources */ = {isa = PBXBuildFile; fileRef = 5003FB10231FA66F00D06560 /* ZHDrawingGraffitiLayer.m */; };
		5003FB14231FA6A700D06560 /* ZHDrawingLineLayer.m in Sources */ = {isa = PBXBuildFile; fileRef = 5003FB13231FA6A700D06560 /* ZHDrawingLineLayer.m */; };
		5003FB17231FA6C500D06560 /* ZHDrawingDottedlineLayer.m in Sources */ = {isa = PBXBuildFile; fileRef = 5003FB16231FA6C500D06560 /* ZHDrawingDottedlineLayer.m */; };
		5003FB1A231FA6E200D06560 /* ZHDrawingRulerArrowLayer.m in Sources */ = {isa = PBXBuildFile; fileRef = 5003FB19231FA6E200D06560 /* ZHDrawingRulerArrowLayer.m */; };
		5003FB1D231FA6FF00D06560 /* ZHDrawingRulerLineLayer.m in Sources */ = {isa = PBXBuildFile; fileRef = 5003FB1C231FA6FF00D06560 /* ZHDrawingRulerLineLayer.m */; };
		5003FB20231FA71D00D06560 /* ZHDrawingOvalLayer.m in Sources */ = {isa = PBXBuildFile; fileRef = 5003FB1F231FA71D00D06560 /* ZHDrawingOvalLayer.m */; };
		5003FB23231FA7AE00D06560 /* ZHDrawingCircleLayer.m in Sources */ = {isa = PBXBuildFile; fileRef = 5003FB22231FA7AE00D06560 /* ZHDrawingCircleLayer.m */; };
		5003FB26231FA86100D06560 /* ZHDrawingRectLayer.m in Sources */ = {isa = PBXBuildFile; fileRef = 5003FB25231FA86100D06560 /* ZHDrawingRectLayer.m */; };
		5003FB29231FA88000D06560 /* ZHDrawingTriangleLayer.m in Sources */ = {isa = PBXBuildFile; fileRef = 5003FB28231FA88000D06560 /* ZHDrawingTriangleLayer.m */; };
		5003FB2C231FA89F00D06560 /* ZHDrawingArcLayer.m in Sources */ = {isa = PBXBuildFile; fileRef = 5003FB2B231FA89F00D06560 /* ZHDrawingArcLayer.m */; };
		5003FB2F231FA8BB00D06560 /* ZHDrawingCosineLayer.m in Sources */ = {isa = PBXBuildFile; fileRef = 5003FB2E231FA8BB00D06560 /* ZHDrawingCosineLayer.m */; };
		5003FB32231FA8D800D06560 /* ZHDrawingTrapezoidLayer.m in Sources */ = {isa = PBXBuildFile; fileRef = 5003FB31231FA8D800D06560 /* ZHDrawingTrapezoidLayer.m */; };
		5003FB35231FA8F300D06560 /* ZHDrawingRhombusLayer.m in Sources */ = {isa = PBXBuildFile; fileRef = 5003FB34231FA8F300D06560 /* ZHDrawingRhombusLayer.m */; };
		5003FB38231FA91C00D06560 /* ZHDrawingPentagonLayer.m in Sources */ = {isa = PBXBuildFile; fileRef = 5003FB37231FA91C00D06560 /* ZHDrawingPentagonLayer.m */; };
		5003FB3B231FA93200D06560 /* ZHDrawingHexagonLayer.m in Sources */ = {isa = PBXBuildFile; fileRef = 5003FB3A231FA93200D06560 /* ZHDrawingHexagonLayer.m */; };
		5003FB3E231FA95100D06560 /* ZHDrawingAxisLayer.m in Sources */ = {isa = PBXBuildFile; fileRef = 5003FB3D231FA95100D06560 /* ZHDrawingAxisLayer.m */; };
		5003FB41231FA97400D06560 /* ZHDrawingRighTangleLayer.m in Sources */ = {isa = PBXBuildFile; fileRef = 5003FB40231FA97400D06560 /* ZHDrawingRighTangleLayer.m */; };
		5003FB44231FA98900D06560 /* ZHDrawingThreeDCoordinateLayer.m in Sources */ = {isa = PBXBuildFile; fileRef = 5003FB43231FA98900D06560 /* ZHDrawingThreeDCoordinateLayer.m */; };
		5003FB47231FA9BE00D06560 /* ZHDrawingSphereLayer.m in Sources */ = {isa = PBXBuildFile; fileRef = 5003FB46231FA9BE00D06560 /* ZHDrawingSphereLayer.m */; };
		5003FB4A231FA9D600D06560 /* ZHDrawingTriangularPyramidLayer.m in Sources */ = {isa = PBXBuildFile; fileRef = 5003FB49231FA9D600D06560 /* ZHDrawingTriangularPyramidLayer.m */; };
		5003FB4D231FA9F300D06560 /* ZHDrawingConeLayer.m in Sources */ = {isa = PBXBuildFile; fileRef = 5003FB4C231FA9F300D06560 /* ZHDrawingConeLayer.m */; };
		5003FB50231FAA1000D06560 /* ZHDrawingCylinderLayer.m in Sources */ = {isa = PBXBuildFile; fileRef = 5003FB4F231FAA1000D06560 /* ZHDrawingCylinderLayer.m */; };
		5003FB53231FAA6F00D06560 /* ZHDrawingCuboidLayer.m in Sources */ = {isa = PBXBuildFile; fileRef = 5003FB52231FAA6F00D06560 /* ZHDrawingCuboidLayer.m */; };
		5003FB56231FB80400D06560 /* ZHDrawingRegularPolygonLayer.m in Sources */ = {isa = PBXBuildFile; fileRef = 5003FB55231FB80400D06560 /* ZHDrawingRegularPolygonLayer.m */; };
		5009FEF12356EBCD00D0BB81 /* View+MASAdditions.m in Sources */ = {isa = PBXBuildFile; fileRef = 5009FEDA2356EBCB00D0BB81 /* View+MASAdditions.m */; };
		5009FEF22356EBCD00D0BB81 /* MASCompositeConstraint.m in Sources */ = {isa = PBXBuildFile; fileRef = 5009FEDB2356EBCB00D0BB81 /* MASCompositeConstraint.m */; };
		5009FEF32356EBCD00D0BB81 /* MASConstraintMaker.m in Sources */ = {isa = PBXBuildFile; fileRef = 5009FEDD2356EBCC00D0BB81 /* MASConstraintMaker.m */; };
		5009FEF42356EBCD00D0BB81 /* MASViewConstraint.m in Sources */ = {isa = PBXBuildFile; fileRef = 5009FEE12356EBCC00D0BB81 /* MASViewConstraint.m */; };
		5009FEF52356EBCD00D0BB81 /* MASLayoutConstraint.m in Sources */ = {isa = PBXBuildFile; fileRef = 5009FEE42356EBCC00D0BB81 /* MASLayoutConstraint.m */; };
		5009FEF62356EBCD00D0BB81 /* NSArray+MASAdditions.m in Sources */ = {isa = PBXBuildFile; fileRef = 5009FEE62356EBCC00D0BB81 /* NSArray+MASAdditions.m */; };
		5009FEF72356EBCD00D0BB81 /* NSLayoutConstraint+MASDebugAdditions.m in Sources */ = {isa = PBXBuildFile; fileRef = 5009FEE72356EBCC00D0BB81 /* NSLayoutConstraint+MASDebugAdditions.m */; };
		5009FEF82356EBCD00D0BB81 /* MASViewAttribute.m in Sources */ = {isa = PBXBuildFile; fileRef = 5009FEE92356EBCC00D0BB81 /* MASViewAttribute.m */; };
		5009FEF92356EBCD00D0BB81 /* MASConstraint.m in Sources */ = {isa = PBXBuildFile; fileRef = 5009FEEB2356EBCC00D0BB81 /* MASConstraint.m */; };
		5009FEFA2356EBCD00D0BB81 /* ViewController+MASAdditions.m in Sources */ = {isa = PBXBuildFile; fileRef = 5009FEEE2356EBCC00D0BB81 /* ViewController+MASAdditions.m */; };
		5009FEFD2356F25900D0BB81 /* ZHFigureDrawingToolView.m in Sources */ = {isa = PBXBuildFile; fileRef = 5009FEFC2356F25900D0BB81 /* ZHFigureDrawingToolView.m */; };
		5009FF00235700FA00D0BB81 /* ZHFigureToolCollectionViewCell.m in Sources */ = {isa = PBXBuildFile; fileRef = 5009FEFF235700FA00D0BB81 /* ZHFigureToolCollectionViewCell.m */; };
		50E6AE102320F5CF006A6A85 /* ZHFigureDrawingView.m in Sources */ = {isa = PBXBuildFile; fileRef = 50E6AE0F2320F5CF006A6A85 /* ZHFigureDrawingView.m */; };
/* End PBXBuildFile section */

/* Begin PBXContainerItemProxy section */
		5003FAEA231F6C0300D06560 /* PBXContainerItemProxy */ = {
			isa = PBXContainerItemProxy;
			containerPortal = 5003FAC9231F6C0100D06560 /* Project object */;
			proxyType = 1;
			remoteGlobalIDString = 5003FAD0231F6C0100D06560;
			remoteInfo = ZHFigureDrawingLayer;
		};
		5003FAF5231F6C0300D06560 /* PBXContainerItemProxy */ = {
			isa = PBXContainerItemProxy;
			containerPortal = 5003FAC9231F6C0100D06560 /* Project object */;
			proxyType = 1;
			remoteGlobalIDString = 5003FAD0231F6C0100D06560;
			remoteInfo = ZHFigureDrawingLayer;
		};
/* End PBXContainerItemProxy section */

/* Begin PBXFileReference section */
		5003FAD1231F6C0100D06560 /* ZHFigureDrawingLayer.app */ = {isa = PBXFileReference; explicitFileType = wrapper.application; includeInIndex = 0; path = ZHFigureDrawingLayer.app; sourceTree = BUILT_PRODUCTS_DIR; };
		5003FAD4231F6C0100D06560 /* AppDelegate.h */ = {isa = PBXFileReference; lastKnownFileType = sourcecode.c.h; path = AppDelegate.h; sourceTree = "<group>"; };
		5003FAD5231F6C0100D06560 /* AppDelegate.m */ = {isa = PBXFileReference; lastKnownFileType = sourcecode.c.objc; path = AppDelegate.m; sourceTree = "<group>"; };
		5003FAD7231F6C0100D06560 /* ViewController.h */ = {isa = PBXFileReference; lastKnownFileType = sourcecode.c.h; path = ViewController.h; sourceTree = "<group>"; };
		5003FAD8231F6C0100D06560 /* ViewController.m */ = {isa = PBXFileReference; lastKnownFileType = sourcecode.c.objc; path = ViewController.m; sourceTree = "<group>"; };
		5003FADB231F6C0100D06560 /* Base */ = {isa = PBXFileReference; lastKnownFileType = file.storyboard; name = Base; path = Base.lproj/Main.storyboard; sourceTree = "<group>"; };
		5003FADD231F6C0300D06560 /* Assets.xcassets */ = {isa = PBXFileReference; lastKnownFileType = folder.assetcatalog; path = Assets.xcassets; sourceTree = "<group>"; };
		5003FAE0231F6C0300D06560 /* Base */ = {isa = PBXFileReference; lastKnownFileType = file.storyboard; name = Base; path = Base.lproj/LaunchScreen.storyboard; sourceTree = "<group>"; };
		5003FAE2231F6C0300D06560 /* Info.plist */ = {isa = PBXFileReference; lastKnownFileType = text.plist.xml; path = Info.plist; sourceTree = "<group>"; };
		5003FAE3231F6C0300D06560 /* main.m */ = {isa = PBXFileReference; lastKnownFileType = sourcecode.c.objc; path = main.m; sourceTree = "<group>"; };
		5003FAE9231F6C0300D06560 /* ZHFigureDrawingLayerTests.xctest */ = {isa = PBXFileReference; explicitFileType = wrapper.cfbundle; includeInIndex = 0; path = ZHFigureDrawingLayerTests.xctest; sourceTree = BUILT_PRODUCTS_DIR; };
		5003FAED231F6C0300D06560 /* ZHFigureDrawingLayerTests.m */ = {isa = PBXFileReference; lastKnownFileType = sourcecode.c.objc; path = ZHFigureDrawingLayerTests.m; sourceTree = "<group>"; };
		5003FAEF231F6C0300D06560 /* Info.plist */ = {isa = PBXFileReference; lastKnownFileType = text.plist.xml; path = Info.plist; sourceTree = "<group>"; };
		5003FAF4231F6C0300D06560 /* ZHFigureDrawingLayerUITests.xctest */ = {isa = PBXFileReference; explicitFileType = wrapper.cfbundle; includeInIndex = 0; path = ZHFigureDrawingLayerUITests.xctest; sourceTree = BUILT_PRODUCTS_DIR; };
		5003FAF8231F6C0300D06560 /* ZHFigureDrawingLayerUITests.m */ = {isa = PBXFileReference; lastKnownFileType = sourcecode.c.objc; path = ZHFigureDrawingLayerUITests.m; sourceTree = "<group>"; };
		5003FAFA231F6C0300D06560 /* Info.plist */ = {isa = PBXFileReference; lastKnownFileType = text.plist.xml; path = Info.plist; sourceTree = "<group>"; };
		5003FB08231FA46F00D06560 /* ZHFigureDrawingLayer.h */ = {isa = PBXFileReference; lastKnownFileType = sourcecode.c.h; path = ZHFigureDrawingLayer.h; sourceTree = "<group>"; };
		5003FB09231FA46F00D06560 /* ZHFigureDrawingLayer.m */ = {isa = PBXFileReference; lastKnownFileType = sourcecode.c.objc; path = ZHFigureDrawingLayer.m; sourceTree = "<group>"; };
		5003FB0C231FA5F700D06560 /* ZHDrawingArrowLayer.h */ = {isa = PBXFileReference; lastKnownFileType = sourcecode.c.h; path = ZHDrawingArrowLayer.h; sourceTree = "<group>"; };
		5003FB0D231FA5F700D06560 /* ZHDrawingArrowLayer.m */ = {isa = PBXFileReference; lastKnownFileType = sourcecode.c.objc; path = ZHDrawingArrowLayer.m; sourceTree = "<group>"; };
		5003FB0F231FA66F00D06560 /* ZHDrawingGraffitiLayer.h */ = {isa = PBXFileReference; lastKnownFileType = sourcecode.c.h; path = ZHDrawingGraffitiLayer.h; sourceTree = "<group>"; };
		5003FB10231FA66F00D06560 /* ZHDrawingGraffitiLayer.m */ = {isa = PBXFileReference; lastKnownFileType = sourcecode.c.objc; path = ZHDrawingGraffitiLayer.m; sourceTree = "<group>"; };
		5003FB12231FA6A700D06560 /* ZHDrawingLineLayer.h */ = {isa = PBXFileReference; lastKnownFileType = sourcecode.c.h; path = ZHDrawingLineLayer.h; sourceTree = "<group>"; };
		5003FB13231FA6A700D06560 /* ZHDrawingLineLayer.m */ = {isa = PBXFileReference; lastKnownFileType = sourcecode.c.objc; path = ZHDrawingLineLayer.m; sourceTree = "<group>"; };
		5003FB15231FA6C500D06560 /* ZHDrawingDottedlineLayer.h */ = {isa = PBXFileReference; lastKnownFileType = sourcecode.c.h; path = ZHDrawingDottedlineLayer.h; sourceTree = "<group>"; };
		5003FB16231FA6C500D06560 /* ZHDrawingDottedlineLayer.m */ = {isa = PBXFileReference; lastKnownFileType = sourcecode.c.objc; path = ZHDrawingDottedlineLayer.m; sourceTree = "<group>"; };
		5003FB18231FA6E200D06560 /* ZHDrawingRulerArrowLayer.h */ = {isa = PBXFileReference; lastKnownFileType = sourcecode.c.h; path = ZHDrawingRulerArrowLayer.h; sourceTree = "<group>"; };
		5003FB19231FA6E200D06560 /* ZHDrawingRulerArrowLayer.m */ = {isa = PBXFileReference; lastKnownFileType = sourcecode.c.objc; path = ZHDrawingRulerArrowLayer.m; sourceTree = "<group>"; };
		5003FB1B231FA6FF00D06560 /* ZHDrawingRulerLineLayer.h */ = {isa = PBXFileReference; lastKnownFileType = sourcecode.c.h; path = ZHDrawingRulerLineLayer.h; sourceTree = "<group>"; };
		5003FB1C231FA6FF00D06560 /* ZHDrawingRulerLineLayer.m */ = {isa = PBXFileReference; lastKnownFileType = sourcecode.c.objc; path = ZHDrawingRulerLineLayer.m; sourceTree = "<group>"; };
		5003FB1E231FA71D00D06560 /* ZHDrawingOvalLayer.h */ = {isa = PBXFileReference; lastKnownFileType = sourcecode.c.h; path = ZHDrawingOvalLayer.h; sourceTree = "<group>"; };
		5003FB1F231FA71D00D06560 /* ZHDrawingOvalLayer.m */ = {isa = PBXFileReference; lastKnownFileType = sourcecode.c.objc; path = ZHDrawingOvalLayer.m; sourceTree = "<group>"; };
		5003FB21231FA7AE00D06560 /* ZHDrawingCircleLayer.h */ = {isa = PBXFileReference; lastKnownFileType = sourcecode.c.h; path = ZHDrawingCircleLayer.h; sourceTree = "<group>"; };
		5003FB22231FA7AE00D06560 /* ZHDrawingCircleLayer.m */ = {isa = PBXFileReference; lastKnownFileType = sourcecode.c.objc; path = ZHDrawingCircleLayer.m; sourceTree = "<group>"; };
		5003FB24231FA86100D06560 /* ZHDrawingRectLayer.h */ = {isa = PBXFileReference; lastKnownFileType = sourcecode.c.h; path = ZHDrawingRectLayer.h; sourceTree = "<group>"; };
		5003FB25231FA86100D06560 /* ZHDrawingRectLayer.m */ = {isa = PBXFileReference; lastKnownFileType = sourcecode.c.objc; path = ZHDrawingRectLayer.m; sourceTree = "<group>"; };
		5003FB27231FA88000D06560 /* ZHDrawingTriangleLayer.h */ = {isa = PBXFileReference; lastKnownFileType = sourcecode.c.h; path = ZHDrawingTriangleLayer.h; sourceTree = "<group>"; };
		5003FB28231FA88000D06560 /* ZHDrawingTriangleLayer.m */ = {isa = PBXFileReference; lastKnownFileType = sourcecode.c.objc; path = ZHDrawingTriangleLayer.m; sourceTree = "<group>"; };
		5003FB2A231FA89F00D06560 /* ZHDrawingArcLayer.h */ = {isa = PBXFileReference; lastKnownFileType = sourcecode.c.h; path = ZHDrawingArcLayer.h; sourceTree = "<group>"; };
		5003FB2B231FA89F00D06560 /* ZHDrawingArcLayer.m */ = {isa = PBXFileReference; lastKnownFileType = sourcecode.c.objc; path = ZHDrawingArcLayer.m; sourceTree = "<group>"; };
		5003FB2D231FA8BB00D06560 /* ZHDrawingCosineLayer.h */ = {isa = PBXFileReference; lastKnownFileType = sourcecode.c.h; path = ZHDrawingCosineLayer.h; sourceTree = "<group>"; };
		5003FB2E231FA8BB00D06560 /* ZHDrawingCosineLayer.m */ = {isa = PBXFileReference; lastKnownFileType = sourcecode.c.objc; path = ZHDrawingCosineLayer.m; sourceTree = "<group>"; };
		5003FB30231FA8D800D06560 /* ZHDrawingTrapezoidLayer.h */ = {isa = PBXFileReference; lastKnownFileType = sourcecode.c.h; path = ZHDrawingTrapezoidLayer.h; sourceTree = "<group>"; };
		5003FB31231FA8D800D06560 /* ZHDrawingTrapezoidLayer.m */ = {isa = PBXFileReference; lastKnownFileType = sourcecode.c.objc; path = ZHDrawingTrapezoidLayer.m; sourceTree = "<group>"; };
		5003FB33231FA8F300D06560 /* ZHDrawingRhombusLayer.h */ = {isa = PBXFileReference; lastKnownFileType = sourcecode.c.h; path = ZHDrawingRhombusLayer.h; sourceTree = "<group>"; };
		5003FB34231FA8F300D06560 /* ZHDrawingRhombusLayer.m */ = {isa = PBXFileReference; lastKnownFileType = sourcecode.c.objc; path = ZHDrawingRhombusLayer.m; sourceTree = "<group>"; };
		5003FB36231FA91C00D06560 /* ZHDrawingPentagonLayer.h */ = {isa = PBXFileReference; lastKnownFileType = sourcecode.c.h; path = ZHDrawingPentagonLayer.h; sourceTree = "<group>"; };
		5003FB37231FA91C00D06560 /* ZHDrawingPentagonLayer.m */ = {isa = PBXFileReference; lastKnownFileType = sourcecode.c.objc; path = ZHDrawingPentagonLayer.m; sourceTree = "<group>"; };
		5003FB39231FA93200D06560 /* ZHDrawingHexagonLayer.h */ = {isa = PBXFileReference; lastKnownFileType = sourcecode.c.h; path = ZHDrawingHexagonLayer.h; sourceTree = "<group>"; };
		5003FB3A231FA93200D06560 /* ZHDrawingHexagonLayer.m */ = {isa = PBXFileReference; lastKnownFileType = sourcecode.c.objc; path = ZHDrawingHexagonLayer.m; sourceTree = "<group>"; };
		5003FB3C231FA95000D06560 /* ZHDrawingAxisLayer.h */ = {isa = PBXFileReference; lastKnownFileType = sourcecode.c.h; path = ZHDrawingAxisLayer.h; sourceTree = "<group>"; };
		5003FB3D231FA95100D06560 /* ZHDrawingAxisLayer.m */ = {isa = PBXFileReference; lastKnownFileType = sourcecode.c.objc; path = ZHDrawingAxisLayer.m; sourceTree = "<group>"; };
		5003FB3F231FA97400D06560 /* ZHDrawingRighTangleLayer.h */ = {isa = PBXFileReference; lastKnownFileType = sourcecode.c.h; path = ZHDrawingRighTangleLayer.h; sourceTree = "<group>"; };
		5003FB40231FA97400D06560 /* ZHDrawingRighTangleLayer.m */ = {isa = PBXFileReference; lastKnownFileType = sourcecode.c.objc; path = ZHDrawingRighTangleLayer.m; sourceTree = "<group>"; };
		5003FB42231FA98900D06560 /* ZHDrawingThreeDCoordinateLayer.h */ = {isa = PBXFileReference; lastKnownFileType = sourcecode.c.h; path = ZHDrawingThreeDCoordinateLayer.h; sourceTree = "<group>"; };
		5003FB43231FA98900D06560 /* ZHDrawingThreeDCoordinateLayer.m */ = {isa = PBXFileReference; lastKnownFileType = sourcecode.c.objc; path = ZHDrawingThreeDCoordinateLayer.m; sourceTree = "<group>"; };
		5003FB45231FA9BE00D06560 /* ZHDrawingSphereLayer.h */ = {isa = PBXFileReference; lastKnownFileType = sourcecode.c.h; path = ZHDrawingSphereLayer.h; sourceTree = "<group>"; };
		5003FB46231FA9BE00D06560 /* ZHDrawingSphereLayer.m */ = {isa = PBXFileReference; lastKnownFileType = sourcecode.c.objc; path = ZHDrawingSphereLayer.m; sourceTree = "<group>"; };
		5003FB48231FA9D600D06560 /* ZHDrawingTriangularPyramidLayer.h */ = {isa = PBXFileReference; lastKnownFileType = sourcecode.c.h; path = ZHDrawingTriangularPyramidLayer.h; sourceTree = "<group>"; };
		5003FB49231FA9D600D06560 /* ZHDrawingTriangularPyramidLayer.m */ = {isa = PBXFileReference; lastKnownFileType = sourcecode.c.objc; path = ZHDrawingTriangularPyramidLayer.m; sourceTree = "<group>"; };
		5003FB4B231FA9F300D06560 /* ZHDrawingConeLayer.h */ = {isa = PBXFileReference; lastKnownFileType = sourcecode.c.h; path = ZHDrawingConeLayer.h; sourceTree = "<group>"; };
		5003FB4C231FA9F300D06560 /* ZHDrawingConeLayer.m */ = {isa = PBXFileReference; lastKnownFileType = sourcecode.c.objc; path = ZHDrawingConeLayer.m; sourceTree = "<group>"; };
		5003FB4E231FAA1000D06560 /* ZHDrawingCylinderLayer.h */ = {isa = PBXFileReference; lastKnownFileType = sourcecode.c.h; path = ZHDrawingCylinderLayer.h; sourceTree = "<group>"; };
		5003FB4F231FAA1000D06560 /* ZHDrawingCylinderLayer.m */ = {isa = PBXFileReference; lastKnownFileType = sourcecode.c.objc; path = ZHDrawingCylinderLayer.m; sourceTree = "<group>"; };
		5003FB51231FAA6F00D06560 /* ZHDrawingCuboidLayer.h */ = {isa = PBXFileReference; lastKnownFileType = sourcecode.c.h; path = ZHDrawingCuboidLayer.h; sourceTree = "<group>"; };
		5003FB52231FAA6F00D06560 /* ZHDrawingCuboidLayer.m */ = {isa = PBXFileReference; lastKnownFileType = sourcecode.c.objc; path = ZHDrawingCuboidLayer.m; sourceTree = "<group>"; };
		5003FB54231FB80400D06560 /* ZHDrawingRegularPolygonLayer.h */ = {isa = PBXFileReference; lastKnownFileType = sourcecode.c.h; path = ZHDrawingRegularPolygonLayer.h; sourceTree = "<group>"; };
		5003FB55231FB80400D06560 /* ZHDrawingRegularPolygonLayer.m */ = {isa = PBXFileReference; lastKnownFileType = sourcecode.c.objc; path = ZHDrawingRegularPolygonLayer.m; sourceTree = "<group>"; };
		5009FED82356EBCB00D0BB81 /* MASConstraintMaker.h */ = {isa = PBXFileReference; fileEncoding = 4; lastKnownFileType = sourcecode.c.h; path = MASConstraintMaker.h; sourceTree = "<group>"; };
		5009FED92356EBCB00D0BB81 /* View+MASShorthandAdditions.h */ = {isa = PBXFileReference; fileEncoding = 4; lastKnownFileType = sourcecode.c.h; path = "View+MASShorthandAdditions.h"; sourceTree = "<group>"; };
		5009FEDA2356EBCB00D0BB81 /* View+MASAdditions.m */ = {isa = PBXFileReference; fileEncoding = 4; lastKnownFileType = sourcecode.c.objc; path = "View+MASAdditions.m"; sourceTree = "<group>"; };
		5009FEDB2356EBCB00D0BB81 /* MASCompositeConstraint.m */ = {isa = PBXFileReference; fileEncoding = 4; lastKnownFileType = sourcecode.c.objc; path = MASCompositeConstraint.m; sourceTree = "<group>"; };
		5009FEDC2356EBCB00D0BB81 /* NSLayoutConstraint+MASDebugAdditions.h */ = {isa = PBXFileReference; fileEncoding = 4; lastKnownFileType = sourcecode.c.h; path = "NSLayoutConstraint+MASDebugAdditions.h"; sourceTree = "<group>"; };
		5009FEDD2356EBCC00D0BB81 /* MASConstraintMaker.m */ = {isa = PBXFileReference; fileEncoding = 4; lastKnownFileType = sourcecode.c.objc; path = MASConstraintMaker.m; sourceTree = "<group>"; };
		5009FEDE2356EBCC00D0BB81 /* MASCompositeConstraint.h */ = {isa = PBXFileReference; fileEncoding = 4; lastKnownFileType = sourcecode.c.h; path = MASCompositeConstraint.h; sourceTree = "<group>"; };
		5009FEDF2356EBCC00D0BB81 /* MASLayoutConstraint.h */ = {isa = PBXFileReference; fileEncoding = 4; lastKnownFileType = sourcecode.c.h; path = MASLayoutConstraint.h; sourceTree = "<group>"; };
		5009FEE02356EBCC00D0BB81 /* Masonry.h */ = {isa = PBXFileReference; fileEncoding = 4; lastKnownFileType = sourcecode.c.h; path = Masonry.h; sourceTree = "<group>"; };
		5009FEE12356EBCC00D0BB81 /* MASViewConstraint.m */ = {isa = PBXFileReference; fileEncoding = 4; lastKnownFileType = sourcecode.c.objc; path = MASViewConstraint.m; sourceTree = "<group>"; };
		5009FEE22356EBCC00D0BB81 /* MASConstraint+Private.h */ = {isa = PBXFileReference; fileEncoding = 4; lastKnownFileType = sourcecode.c.h; path = "MASConstraint+Private.h"; sourceTree = "<group>"; };
		5009FEE32356EBCC00D0BB81 /* MASUtilities.h */ = {isa = PBXFileReference; fileEncoding = 4; lastKnownFileType = sourcecode.c.h; path = MASUtilities.h; sourceTree = "<group>"; };
		5009FEE42356EBCC00D0BB81 /* MASLayoutConstraint.m */ = {isa = PBXFileReference; fileEncoding = 4; lastKnownFileType = sourcecode.c.objc; path = MASLayoutConstraint.m; sourceTree = "<group>"; };
		5009FEE52356EBCC00D0BB81 /* MASConstraint.h */ = {isa = PBXFileReference; fileEncoding = 4; lastKnownFileType = sourcecode.c.h; path = MASConstraint.h; sourceTree = "<group>"; };
		5009FEE62356EBCC00D0BB81 /* NSArray+MASAdditions.m */ = {isa = PBXFileReference; fileEncoding = 4; lastKnownFileType = sourcecode.c.objc; path = "NSArray+MASAdditions.m"; sourceTree = "<group>"; };
		5009FEE72356EBCC00D0BB81 /* NSLayoutConstraint+MASDebugAdditions.m */ = {isa = PBXFileReference; fileEncoding = 4; lastKnownFileType = sourcecode.c.objc; path = "NSLayoutConstraint+MASDebugAdditions.m"; sourceTree = "<group>"; };
		5009FEE82356EBCC00D0BB81 /* View+MASAdditions.h */ = {isa = PBXFileReference; fileEncoding = 4; lastKnownFileType = sourcecode.c.h; path = "View+MASAdditions.h"; sourceTree = "<group>"; };
		5009FEE92356EBCC00D0BB81 /* MASViewAttribute.m */ = {isa = PBXFileReference; fileEncoding = 4; lastKnownFileType = sourcecode.c.objc; path = MASViewAttribute.m; sourceTree = "<group>"; };
		5009FEEA2356EBCC00D0BB81 /* ViewController+MASAdditions.h */ = {isa = PBXFileReference; fileEncoding = 4; lastKnownFileType = sourcecode.c.h; path = "ViewController+MASAdditions.h"; sourceTree = "<group>"; };
		5009FEEB2356EBCC00D0BB81 /* MASConstraint.m */ = {isa = PBXFileReference; fileEncoding = 4; lastKnownFileType = sourcecode.c.objc; path = MASConstraint.m; sourceTree = "<group>"; };
		5009FEEC2356EBCC00D0BB81 /* NSArray+MASShorthandAdditions.h */ = {isa = PBXFileReference; fileEncoding = 4; lastKnownFileType = sourcecode.c.h; path = "NSArray+MASShorthandAdditions.h"; sourceTree = "<group>"; };
		5009FEED2356EBCC00D0BB81 /* NSArray+MASAdditions.h */ = {isa = PBXFileReference; fileEncoding = 4; lastKnownFileType = sourcecode.c.h; path = "NSArray+MASAdditions.h"; sourceTree = "<group>"; };
		5009FEEE2356EBCC00D0BB81 /* ViewController+MASAdditions.m */ = {isa = PBXFileReference; fileEncoding = 4; lastKnownFileType = sourcecode.c.objc; path = "ViewController+MASAdditions.m"; sourceTree = "<group>"; };
		5009FEEF2356EBCD00D0BB81 /* MASViewConstraint.h */ = {isa = PBXFileReference; fileEncoding = 4; lastKnownFileType = sourcecode.c.h; path = MASViewConstraint.h; sourceTree = "<group>"; };
		5009FEF02356EBCD00D0BB81 /* MASViewAttribute.h */ = {isa = PBXFileReference; fileEncoding = 4; lastKnownFileType = sourcecode.c.h; path = MASViewAttribute.h; sourceTree = "<group>"; };
		5009FEFB2356F25900D0BB81 /* ZHFigureDrawingToolView.h */ = {isa = PBXFileReference; lastKnownFileType = sourcecode.c.h; path = ZHFigureDrawingToolView.h; sourceTree = "<group>"; };
		5009FEFC2356F25900D0BB81 /* ZHFigureDrawingToolView.m */ = {isa = PBXFileReference; lastKnownFileType = sourcecode.c.objc; path = ZHFigureDrawingToolView.m; sourceTree = "<group>"; };
		5009FEFE235700FA00D0BB81 /* ZHFigureToolCollectionViewCell.h */ = {isa = PBXFileReference; lastKnownFileType = sourcecode.c.h; path = ZHFigureToolCollectionViewCell.h; sourceTree = "<group>"; };
		5009FEFF235700FA00D0BB81 /* ZHFigureToolCollectionViewCell.m */ = {isa = PBXFileReference; lastKnownFileType = sourcecode.c.objc; path = ZHFigureToolCollectionViewCell.m; sourceTree = "<group>"; };
		50E6AE0E2320F5CF006A6A85 /* ZHFigureDrawingView.h */ = {isa = PBXFileReference; lastKnownFileType = sourcecode.c.h; path = ZHFigureDrawingView.h; sourceTree = "<group>"; };
		50E6AE0F2320F5CF006A6A85 /* ZHFigureDrawingView.m */ = {isa = PBXFileReference; lastKnownFileType = sourcecode.c.objc; path = ZHFigureDrawingView.m; sourceTree = "<group>"; };
/* End PBXFileReference section */

/* Begin PBXFrameworksBuildPhase section */
		5003FACE231F6C0100D06560 /* Frameworks */ = {
			isa = PBXFrameworksBuildPhase;
			buildActionMask = 2147483647;
			files = (
			);
			runOnlyForDeploymentPostprocessing = 0;
		};
		5003FAE6231F6C0300D06560 /* Frameworks */ = {
			isa = PBXFrameworksBuildPhase;
			buildActionMask = 2147483647;
			files = (
			);
			runOnlyForDeploymentPostprocessing = 0;
		};
		5003FAF1231F6C0300D06560 /* Frameworks */ = {
			isa = PBXFrameworksBuildPhase;
			buildActionMask = 2147483647;
			files = (
			);
			runOnlyForDeploymentPostprocessing = 0;
		};
/* End PBXFrameworksBuildPhase section */

/* Begin PBXGroup section */
		5003FAC8231F6C0100D06560 = {
			isa = PBXGroup;
			children = (
				5003FAD3231F6C0100D06560 /* ZHFigureDrawingLayer */,
				5003FAEC231F6C0300D06560 /* ZHFigureDrawingLayerTests */,
				5003FAF7231F6C0300D06560 /* ZHFigureDrawingLayerUITests */,
				5003FAD2231F6C0100D06560 /* Products */,
			);
			sourceTree = "<group>";
		};
		5003FAD2231F6C0100D06560 /* Products */ = {
			isa = PBXGroup;
			children = (
				5003FAD1231F6C0100D06560 /* ZHFigureDrawingLayer.app */,
				5003FAE9231F6C0300D06560 /* ZHFigureDrawingLayerTests.xctest */,
				5003FAF4231F6C0300D06560 /* ZHFigureDrawingLayerUITests.xctest */,
			);
			name = Products;
			sourceTree = "<group>";
		};
		5003FAD3231F6C0100D06560 /* ZHFigureDrawingLayer */ = {
			isa = PBXGroup;
			children = (
				5003FB07231F6C3900D06560 /* ZHFigureDrawingLayer */,
				5003FAD4231F6C0100D06560 /* AppDelegate.h */,
				5003FAD5231F6C0100D06560 /* AppDelegate.m */,
				5003FAD7231F6C0100D06560 /* ViewController.h */,
				5003FAD8231F6C0100D06560 /* ViewController.m */,
				5009FEB42356EBBA00D0BB81 /* Masonry */,
				5003FADA231F6C0100D06560 /* Main.storyboard */,
				5003FADD231F6C0300D06560 /* Assets.xcassets */,
				5003FADF231F6C0300D06560 /* LaunchScreen.storyboard */,
				5003FAE2231F6C0300D06560 /* Info.plist */,
				5003FAE3231F6C0300D06560 /* main.m */,
			);
			path = ZHFigureDrawingLayer;
			sourceTree = "<group>";
		};
		5003FAEC231F6C0300D06560 /* ZHFigureDrawingLayerTests */ = {
			isa = PBXGroup;
			children = (
				5003FAED231F6C0300D06560 /* ZHFigureDrawingLayerTests.m */,
				5003FAEF231F6C0300D06560 /* Info.plist */,
			);
			path = ZHFigureDrawingLayerTests;
			sourceTree = "<group>";
		};
		5003FAF7231F6C0300D06560 /* ZHFigureDrawingLayerUITests */ = {
			isa = PBXGroup;
			children = (
				5003FAF8231F6C0300D06560 /* ZHFigureDrawingLayerUITests.m */,
				5003FAFA231F6C0300D06560 /* Info.plist */,
			);
			path = ZHFigureDrawingLayerUITests;
			sourceTree = "<group>";
		};
		5003FB07231F6C3900D06560 /* ZHFigureDrawingLayer */ = {
			isa = PBXGroup;
			children = (
				5003FB08231FA46F00D06560 /* ZHFigureDrawingLayer.h */,
				5003FB09231FA46F00D06560 /* ZHFigureDrawingLayer.m */,
				50E6AE0E2320F5CF006A6A85 /* ZHFigureDrawingView.h */,
				50E6AE0F2320F5CF006A6A85 /* ZHFigureDrawingView.m */,
				5009FEFB2356F25900D0BB81 /* ZHFigureDrawingToolView.h */,
				5009FEFC2356F25900D0BB81 /* ZHFigureDrawingToolView.m */,
				5009FEFE235700FA00D0BB81 /* ZHFigureToolCollectionViewCell.h */,
				5009FEFF235700FA00D0BB81 /* ZHFigureToolCollectionViewCell.m */,
				5003FB0B231FA48E00D06560 /* ZHDrawingLayer */,
			);
			path = ZHFigureDrawingLayer;
			sourceTree = "<group>";
		};
		5003FB0B231FA48E00D06560 /* ZHDrawingLayer */ = {
			isa = PBXGroup;
			children = (
				5003FB0F231FA66F00D06560 /* ZHDrawingGraffitiLayer.h */,
				5003FB10231FA66F00D06560 /* ZHDrawingGraffitiLayer.m */,
				5003FB0C231FA5F700D06560 /* ZHDrawingArrowLayer.h */,
				5003FB0D231FA5F700D06560 /* ZHDrawingArrowLayer.m */,
				5003FB12231FA6A700D06560 /* ZHDrawingLineLayer.h */,
				5003FB13231FA6A700D06560 /* ZHDrawingLineLayer.m */,
				5003FB15231FA6C500D06560 /* ZHDrawingDottedlineLayer.h */,
				5003FB16231FA6C500D06560 /* ZHDrawingDottedlineLayer.m */,
				5003FB18231FA6E200D06560 /* ZHDrawingRulerArrowLayer.h */,
				5003FB19231FA6E200D06560 /* ZHDrawingRulerArrowLayer.m */,
				5003FB1B231FA6FF00D06560 /* ZHDrawingRulerLineLayer.h */,
				5003FB1C231FA6FF00D06560 /* ZHDrawingRulerLineLayer.m */,
				5003FB1E231FA71D00D06560 /* ZHDrawingOvalLayer.h */,
				5003FB1F231FA71D00D06560 /* ZHDrawingOvalLayer.m */,
				5003FB21231FA7AE00D06560 /* ZHDrawingCircleLayer.h */,
				5003FB22231FA7AE00D06560 /* ZHDrawingCircleLayer.m */,
				5003FB24231FA86100D06560 /* ZHDrawingRectLayer.h */,
				5003FB25231FA86100D06560 /* ZHDrawingRectLayer.m */,
				5003FB27231FA88000D06560 /* ZHDrawingTriangleLayer.h */,
				5003FB28231FA88000D06560 /* ZHDrawingTriangleLayer.m */,
				5003FB2A231FA89F00D06560 /* ZHDrawingArcLayer.h */,
				5003FB2B231FA89F00D06560 /* ZHDrawingArcLayer.m */,
				5003FB2D231FA8BB00D06560 /* ZHDrawingCosineLayer.h */,
				5003FB2E231FA8BB00D06560 /* ZHDrawingCosineLayer.m */,
				5003FB30231FA8D800D06560 /* ZHDrawingTrapezoidLayer.h */,
				5003FB31231FA8D800D06560 /* ZHDrawingTrapezoidLayer.m */,
				5003FB33231FA8F300D06560 /* ZHDrawingRhombusLayer.h */,
				5003FB34231FA8F300D06560 /* ZHDrawingRhombusLayer.m */,
				5003FB54231FB80400D06560 /* ZHDrawingRegularPolygonLayer.h */,
				5003FB55231FB80400D06560 /* ZHDrawingRegularPolygonLayer.m */,
				5003FB36231FA91C00D06560 /* ZHDrawingPentagonLayer.h */,
				5003FB37231FA91C00D06560 /* ZHDrawingPentagonLayer.m */,
				5003FB39231FA93200D06560 /* ZHDrawingHexagonLayer.h */,
				5003FB3A231FA93200D06560 /* ZHDrawingHexagonLayer.m */,
				5003FB3C231FA95000D06560 /* ZHDrawingAxisLayer.h */,
				5003FB3D231FA95100D06560 /* ZHDrawingAxisLayer.m */,
				5003FB3F231FA97400D06560 /* ZHDrawingRighTangleLayer.h */,
				5003FB40231FA97400D06560 /* ZHDrawingRighTangleLayer.m */,
				5003FB42231FA98900D06560 /* ZHDrawingThreeDCoordinateLayer.h */,
				5003FB43231FA98900D06560 /* ZHDrawingThreeDCoordinateLayer.m */,
				5003FB45231FA9BE00D06560 /* ZHDrawingSphereLayer.h */,
				5003FB46231FA9BE00D06560 /* ZHDrawingSphereLayer.m */,
				5003FB48231FA9D600D06560 /* ZHDrawingTriangularPyramidLayer.h */,
				5003FB49231FA9D600D06560 /* ZHDrawingTriangularPyramidLayer.m */,
				5003FB4B231FA9F300D06560 /* ZHDrawingConeLayer.h */,
				5003FB4C231FA9F300D06560 /* ZHDrawingConeLayer.m */,
				5003FB4E231FAA1000D06560 /* ZHDrawingCylinderLayer.h */,
				5003FB4F231FAA1000D06560 /* ZHDrawingCylinderLayer.m */,
				5003FB51231FAA6F00D06560 /* ZHDrawingCuboidLayer.h */,
				5003FB52231FAA6F00D06560 /* ZHDrawingCuboidLayer.m */,
			);
			path = ZHDrawingLayer;
			sourceTree = "<group>";
		};
		5009FEB42356EBBA00D0BB81 /* Masonry */ = {
			isa = PBXGroup;
			children = (
				5009FEDE2356EBCC00D0BB81 /* MASCompositeConstraint.h */,
				5009FEDB2356EBCB00D0BB81 /* MASCompositeConstraint.m */,
				5009FEE52356EBCC00D0BB81 /* MASConstraint.h */,
				5009FEEB2356EBCC00D0BB81 /* MASConstraint.m */,
				5009FEE22356EBCC00D0BB81 /* MASConstraint+Private.h */,
				5009FED82356EBCB00D0BB81 /* MASConstraintMaker.h */,
				5009FEDD2356EBCC00D0BB81 /* MASConstraintMaker.m */,
				5009FEDF2356EBCC00D0BB81 /* MASLayoutConstraint.h */,
				5009FEE42356EBCC00D0BB81 /* MASLayoutConstraint.m */,
				5009FEE02356EBCC00D0BB81 /* Masonry.h */,
				5009FEE32356EBCC00D0BB81 /* MASUtilities.h */,
				5009FEF02356EBCD00D0BB81 /* MASViewAttribute.h */,
				5009FEE92356EBCC00D0BB81 /* MASViewAttribute.m */,
				5009FEEF2356EBCD00D0BB81 /* MASViewConstraint.h */,
				5009FEE12356EBCC00D0BB81 /* MASViewConstraint.m */,
				5009FEED2356EBCC00D0BB81 /* NSArray+MASAdditions.h */,
				5009FEE62356EBCC00D0BB81 /* NSArray+MASAdditions.m */,
				5009FEEC2356EBCC00D0BB81 /* NSArray+MASShorthandAdditions.h */,
				5009FEDC2356EBCB00D0BB81 /* NSLayoutConstraint+MASDebugAdditions.h */,
				5009FEE72356EBCC00D0BB81 /* NSLayoutConstraint+MASDebugAdditions.m */,
				5009FEE82356EBCC00D0BB81 /* View+MASAdditions.h */,
				5009FEDA2356EBCB00D0BB81 /* View+MASAdditions.m */,
				5009FED92356EBCB00D0BB81 /* View+MASShorthandAdditions.h */,
				5009FEEA2356EBCC00D0BB81 /* ViewController+MASAdditions.h */,
				5009FEEE2356EBCC00D0BB81 /* ViewController+MASAdditions.m */,
			);
			path = Masonry;
			sourceTree = "<group>";
		};
/* End PBXGroup section */

/* Begin PBXNativeTarget section */
		5003FAD0231F6C0100D06560 /* ZHFigureDrawingLayer */ = {
			isa = PBXNativeTarget;
			buildConfigurationList = 5003FAFD231F6C0300D06560 /* Build configuration list for PBXNativeTarget "ZHFigureDrawingLayer" */;
			buildPhases = (
				5003FACD231F6C0100D06560 /* Sources */,
				5003FACE231F6C0100D06560 /* Frameworks */,
				5003FACF231F6C0100D06560 /* Resources */,
			);
			buildRules = (
			);
			dependencies = (
			);
			name = ZHFigureDrawingLayer;
			productName = ZHFigureDrawingLayer;
			productReference = 5003FAD1231F6C0100D06560 /* ZHFigureDrawingLayer.app */;
			productType = "com.apple.product-type.application";
		};
		5003FAE8231F6C0300D06560 /* ZHFigureDrawingLayerTests */ = {
			isa = PBXNativeTarget;
			buildConfigurationList = 5003FB00231F6C0300D06560 /* Build configuration list for PBXNativeTarget "ZHFigureDrawingLayerTests" */;
			buildPhases = (
				5003FAE5231F6C0300D06560 /* Sources */,
				5003FAE6231F6C0300D06560 /* Frameworks */,
				5003FAE7231F6C0300D06560 /* Resources */,
			);
			buildRules = (
			);
			dependencies = (
				5003FAEB231F6C0300D06560 /* PBXTargetDependency */,
			);
			name = ZHFigureDrawingLayerTests;
			productName = ZHFigureDrawingLayerTests;
			productReference = 5003FAE9231F6C0300D06560 /* ZHFigureDrawingLayerTests.xctest */;
			productType = "com.apple.product-type.bundle.unit-test";
		};
		5003FAF3231F6C0300D06560 /* ZHFigureDrawingLayerUITests */ = {
			isa = PBXNativeTarget;
			buildConfigurationList = 5003FB03231F6C0300D06560 /* Build configuration list for PBXNativeTarget "ZHFigureDrawingLayerUITests" */;
			buildPhases = (
				5003FAF0231F6C0300D06560 /* Sources */,
				5003FAF1231F6C0300D06560 /* Frameworks */,
				5003FAF2231F6C0300D06560 /* Resources */,
			);
			buildRules = (
			);
			dependencies = (
				5003FAF6231F6C0300D06560 /* PBXTargetDependency */,
			);
			name = ZHFigureDrawingLayerUITests;
			productName = ZHFigureDrawingLayerUITests;
			productReference = 5003FAF4231F6C0300D06560 /* ZHFigureDrawingLayerUITests.xctest */;
			productType = "com.apple.product-type.bundle.ui-testing";
		};
/* End PBXNativeTarget section */

/* Begin PBXProject section */
		5003FAC9231F6C0100D06560 /* Project object */ = {
			isa = PBXProject;
			attributes = {
				LastUpgradeCheck = 1020;
				ORGANIZATIONNAME = Zhou;
				TargetAttributes = {
					5003FAD0231F6C0100D06560 = {
						CreatedOnToolsVersion = 10.2.1;
					};
					5003FAE8231F6C0300D06560 = {
						CreatedOnToolsVersion = 10.2.1;
						TestTargetID = 5003FAD0231F6C0100D06560;
					};
					5003FAF3231F6C0300D06560 = {
						CreatedOnToolsVersion = 10.2.1;
						TestTargetID = 5003FAD0231F6C0100D06560;
					};
				};
			};
			buildConfigurationList = 5003FACC231F6C0100D06560 /* Build configuration list for PBXProject "ZHFigureDrawingLayer" */;
			compatibilityVersion = "Xcode 9.3";
			developmentRegion = en;
			hasScannedForEncodings = 0;
			knownRegions = (
				en,
				Base,
			);
			mainGroup = 5003FAC8231F6C0100D06560;
			productRefGroup = 5003FAD2231F6C0100D06560 /* Products */;
			projectDirPath = "";
			projectRoot = "";
			targets = (
				5003FAD0231F6C0100D06560 /* ZHFigureDrawingLayer */,
				5003FAE8231F6C0300D06560 /* ZHFigureDrawingLayerTests */,
				5003FAF3231F6C0300D06560 /* ZHFigureDrawingLayerUITests */,
			);
		};
/* End PBXProject section */

/* Begin PBXResourcesBuildPhase section */
		5003FACF231F6C0100D06560 /* Resources */ = {
			isa = PBXResourcesBuildPhase;
			buildActionMask = 2147483647;
			files = (
				5003FAE1231F6C0300D06560 /* LaunchScreen.storyboard in Resources */,
				5003FADE231F6C0300D06560 /* Assets.xcassets in Resources */,
				5003FADC231F6C0100D06560 /* Main.storyboard in Resources */,
			);
			runOnlyForDeploymentPostprocessing = 0;
		};
		5003FAE7231F6C0300D06560 /* Resources */ = {
			isa = PBXResourcesBuildPhase;
			buildActionMask = 2147483647;
			files = (
			);
			runOnlyForDeploymentPostprocessing = 0;
		};
		5003FAF2231F6C0300D06560 /* Resources */ = {
			isa = PBXResourcesBuildPhase;
			buildActionMask = 2147483647;
			files = (
			);
			runOnlyForDeploymentPostprocessing = 0;
		};
/* End PBXResourcesBuildPhase section */

/* Begin PBXSourcesBuildPhase section */
		5003FACD231F6C0100D06560 /* Sources */ = {
			isa = PBXSourcesBuildPhase;
			buildActionMask = 2147483647;
			files = (
				5003FB29231FA88000D06560 /* ZHDrawingTriangleLayer.m in Sources */,
				5003FAD9231F6C0100D06560 /* ViewController.m in Sources */,
				5009FEF12356EBCD00D0BB81 /* View+MASAdditions.m in Sources */,
				5003FB53231FAA6F00D06560 /* ZHDrawingCuboidLayer.m in Sources */,
				5003FB26231FA86100D06560 /* ZHDrawingRectLayer.m in Sources */,
				5003FB3E231FA95100D06560 /* ZHDrawingAxisLayer.m in Sources */,
				5003FB1D231FA6FF00D06560 /* ZHDrawingRulerLineLayer.m in Sources */,
				5003FB41231FA97400D06560 /* ZHDrawingRighTangleLayer.m in Sources */,
				5003FB23231FA7AE00D06560 /* ZHDrawingCircleLayer.m in Sources */,
				5009FEF82356EBCD00D0BB81 /* MASViewAttribute.m in Sources */,
				5003FB38231FA91C00D06560 /* ZHDrawingPentagonLayer.m in Sources */,
				5003FB4A231FA9D600D06560 /* ZHDrawingTriangularPyramidLayer.m in Sources */,
				5009FF00235700FA00D0BB81 /* ZHFigureToolCollectionViewCell.m in Sources */,
				5003FB56231FB80400D06560 /* ZHDrawingRegularPolygonLayer.m in Sources */,
				5009FEF22356EBCD00D0BB81 /* MASCompositeConstraint.m in Sources */,
				5003FB1A231FA6E200D06560 /* ZHDrawingRulerArrowLayer.m in Sources */,
				5003FB44231FA98900D06560 /* ZHDrawingThreeDCoordinateLayer.m in Sources */,
				5003FB0E231FA5F700D06560 /* ZHDrawingArrowLayer.m in Sources */,
				5003FAE4231F6C0300D06560 /* main.m in Sources */,
				5009FEF52356EBCD00D0BB81 /* MASLayoutConstraint.m in Sources */,
				5003FB0A231FA46F00D06560 /* ZHFigureDrawingLayer.m in Sources */,
				5003FB35231FA8F300D06560 /* ZHDrawingRhombusLayer.m in Sources */,
				5003FB2C231FA89F00D06560 /* ZHDrawingArcLayer.m in Sources */,
				5009FEF32356EBCD00D0BB81 /* MASConstraintMaker.m in Sources */,
				5003FB50231FAA1000D06560 /* ZHDrawingCylinderLayer.m in Sources */,
				5003FB17231FA6C500D06560 /* ZHDrawingDottedlineLayer.m in Sources */,
				5009FEF42356EBCD00D0BB81 /* MASViewConstraint.m in Sources */,
				5009FEFD2356F25900D0BB81 /* ZHFigureDrawingToolView.m in Sources */,
				5009FEFA2356EBCD00D0BB81 /* ViewController+MASAdditions.m in Sources */,
				5003FB11231FA66F00D06560 /* ZHDrawingGraffitiLayer.m in Sources */,
				5003FB32231FA8D800D06560 /* ZHDrawingTrapezoidLayer.m in Sources */,
				5003FB4D231FA9F300D06560 /* ZHDrawingConeLayer.m in Sources */,
				50E6AE102320F5CF006A6A85 /* ZHFigureDrawingView.m in Sources */,
				5003FB14231FA6A700D06560 /* ZHDrawingLineLayer.m in Sources */,
				5003FB47231FA9BE00D06560 /* ZHDrawingSphereLayer.m in Sources */,
				5003FB2F231FA8BB00D06560 /* ZHDrawingCosineLayer.m in Sources */,
				5009FEF62356EBCD00D0BB81 /* NSArray+MASAdditions.m in Sources */,
				5003FAD6231F6C0100D06560 /* AppDelegate.m in Sources */,
				5009FEF72356EBCD00D0BB81 /* NSLayoutConstraint+MASDebugAdditions.m in Sources */,
				5003FB20231FA71D00D06560 /* ZHDrawingOvalLayer.m in Sources */,
				5003FB3B231FA93200D06560 /* ZHDrawingHexagonLayer.m in Sources */,
				5009FEF92356EBCD00D0BB81 /* MASConstraint.m in Sources */,
			);
			runOnlyForDeploymentPostprocessing = 0;
		};
		5003FAE5231F6C0300D06560 /* Sources */ = {
			isa = PBXSourcesBuildPhase;
			buildActionMask = 2147483647;
			files = (
				5003FAEE231F6C0300D06560 /* ZHFigureDrawingLayerTests.m in Sources */,
			);
			runOnlyForDeploymentPostprocessing = 0;
		};
		5003FAF0231F6C0300D06560 /* Sources */ = {
			isa = PBXSourcesBuildPhase;
			buildActionMask = 2147483647;
			files = (
				5003FAF9231F6C0300D06560 /* ZHFigureDrawingLayerUITests.m in Sources */,
			);
			runOnlyForDeploymentPostprocessing = 0;
		};
/* End PBXSourcesBuildPhase section */

/* Begin PBXTargetDependency section */
		5003FAEB231F6C0300D06560 /* PBXTargetDependency */ = {
			isa = PBXTargetDependency;
			target = 5003FAD0231F6C0100D06560 /* ZHFigureDrawingLayer */;
			targetProxy = 5003FAEA231F6C0300D06560 /* PBXContainerItemProxy */;
		};
		5003FAF6231F6C0300D06560 /* PBXTargetDependency */ = {
			isa = PBXTargetDependency;
			target = 5003FAD0231F6C0100D06560 /* ZHFigureDrawingLayer */;
			targetProxy = 5003FAF5231F6C0300D06560 /* PBXContainerItemProxy */;
		};
/* End PBXTargetDependency section */

/* Begin PBXVariantGroup section */
		5003FADA231F6C0100D06560 /* Main.storyboard */ = {
			isa = PBXVariantGroup;
			children = (
				5003FADB231F6C0100D06560 /* Base */,
			);
			name = Main.storyboard;
			sourceTree = "<group>";
		};
		5003FADF231F6C0300D06560 /* LaunchScreen.storyboard */ = {
			isa = PBXVariantGroup;
			children = (
				5003FAE0231F6C0300D06560 /* Base */,
			);
			name = LaunchScreen.storyboard;
			sourceTree = "<group>";
		};
/* End PBXVariantGroup section */

/* Begin XCBuildConfiguration section */
		5003FAFB231F6C0300D06560 /* Debug */ = {
			isa = XCBuildConfiguration;
			buildSettings = {
				ALWAYS_SEARCH_USER_PATHS = NO;
				CLANG_ANALYZER_NONNULL = YES;
				CLANG_ANALYZER_NUMBER_OBJECT_CONVERSION = YES_AGGRESSIVE;
				CLANG_CXX_LANGUAGE_STANDARD = "gnu++14";
				CLANG_CXX_LIBRARY = "libc++";
				CLANG_ENABLE_MODULES = YES;
				CLANG_ENABLE_OBJC_ARC = YES;
				CLANG_ENABLE_OBJC_WEAK = YES;
				CLANG_WARN_BLOCK_CAPTURE_AUTORELEASING = YES;
				CLANG_WARN_BOOL_CONVERSION = YES;
				CLANG_WARN_COMMA = YES;
				CLANG_WARN_CONSTANT_CONVERSION = YES;
				CLANG_WARN_DEPRECATED_OBJC_IMPLEMENTATIONS = YES;
				CLANG_WARN_DIRECT_OBJC_ISA_USAGE = YES_ERROR;
				CLANG_WARN_DOCUMENTATION_COMMENTS = YES;
				CLANG_WARN_EMPTY_BODY = YES;
				CLANG_WARN_ENUM_CONVERSION = YES;
				CLANG_WARN_INFINITE_RECURSION = YES;
				CLANG_WARN_INT_CONVERSION = YES;
				CLANG_WARN_NON_LITERAL_NULL_CONVERSION = YES;
				CLANG_WARN_OBJC_IMPLICIT_RETAIN_SELF = YES;
				CLANG_WARN_OBJC_LITERAL_CONVERSION = YES;
				CLANG_WARN_OBJC_ROOT_CLASS = YES_ERROR;
				CLANG_WARN_RANGE_LOOP_ANALYSIS = YES;
				CLANG_WARN_STRICT_PROTOTYPES = YES;
				CLANG_WARN_SUSPICIOUS_MOVE = YES;
				CLANG_WARN_UNGUARDED_AVAILABILITY = YES_AGGRESSIVE;
				CLANG_WARN_UNREACHABLE_CODE = YES;
				CLANG_WARN__DUPLICATE_METHOD_MATCH = YES;
				CODE_SIGN_IDENTITY = "iPhone Developer";
				COPY_PHASE_STRIP = NO;
				DEBUG_INFORMATION_FORMAT = dwarf;
				ENABLE_STRICT_OBJC_MSGSEND = YES;
				ENABLE_TESTABILITY = YES;
				GCC_C_LANGUAGE_STANDARD = gnu11;
				GCC_DYNAMIC_NO_PIC = NO;
				GCC_NO_COMMON_BLOCKS = YES;
				GCC_OPTIMIZATION_LEVEL = 0;
				GCC_PREPROCESSOR_DEFINITIONS = (
					"DEBUG=1",
					"$(inherited)",
				);
				GCC_WARN_64_TO_32_BIT_CONVERSION = YES;
				GCC_WARN_ABOUT_RETURN_TYPE = YES_ERROR;
				GCC_WARN_UNDECLARED_SELECTOR = YES;
				GCC_WARN_UNINITIALIZED_AUTOS = YES_AGGRESSIVE;
				GCC_WARN_UNUSED_FUNCTION = YES;
				GCC_WARN_UNUSED_VARIABLE = YES;
				IPHONEOS_DEPLOYMENT_TARGET = 12.2;
				MTL_ENABLE_DEBUG_INFO = INCLUDE_SOURCE;
				MTL_FAST_MATH = YES;
				ONLY_ACTIVE_ARCH = YES;
				SDKROOT = iphoneos;
			};
			name = Debug;
		};
		5003FAFC231F6C0300D06560 /* Release */ = {
			isa = XCBuildConfiguration;
			buildSettings = {
				ALWAYS_SEARCH_USER_PATHS = NO;
				CLANG_ANALYZER_NONNULL = YES;
				CLANG_ANALYZER_NUMBER_OBJECT_CONVERSION = YES_AGGRESSIVE;
				CLANG_CXX_LANGUAGE_STANDARD = "gnu++14";
				CLANG_CXX_LIBRARY = "libc++";
				CLANG_ENABLE_MODULES = YES;
				CLANG_ENABLE_OBJC_ARC = YES;
				CLANG_ENABLE_OBJC_WEAK = YES;
				CLANG_WARN_BLOCK_CAPTURE_AUTORELEASING = YES;
				CLANG_WARN_BOOL_CONVERSION = YES;
				CLANG_WARN_COMMA = YES;
				CLANG_WARN_CONSTANT_CONVERSION = YES;
				CLANG_WARN_DEPRECATED_OBJC_IMPLEMENTATIONS = YES;
				CLANG_WARN_DIRECT_OBJC_ISA_USAGE = YES_ERROR;
				CLANG_WARN_DOCUMENTATION_COMMENTS = YES;
				CLANG_WARN_EMPTY_BODY = YES;
				CLANG_WARN_ENUM_CONVERSION = YES;
				CLANG_WARN_INFINITE_RECURSION = YES;
				CLANG_WARN_INT_CONVERSION = YES;
				CLANG_WARN_NON_LITERAL_NULL_CONVERSION = YES;
				CLANG_WARN_OBJC_IMPLICIT_RETAIN_SELF = YES;
				CLANG_WARN_OBJC_LITERAL_CONVERSION = YES;
				CLANG_WARN_OBJC_ROOT_CLASS = YES_ERROR;
				CLANG_WARN_RANGE_LOOP_ANALYSIS = YES;
				CLANG_WARN_STRICT_PROTOTYPES = YES;
				CLANG_WARN_SUSPICIOUS_MOVE = YES;
				CLANG_WARN_UNGUARDED_AVAILABILITY = YES_AGGRESSIVE;
				CLANG_WARN_UNREACHABLE_CODE = YES;
				CLANG_WARN__DUPLICATE_METHOD_MATCH = YES;
				CODE_SIGN_IDENTITY = "iPhone Developer";
				COPY_PHASE_STRIP = NO;
				DEBUG_INFORMATION_FORMAT = "dwarf-with-dsym";
				ENABLE_NS_ASSERTIONS = NO;
				ENABLE_STRICT_OBJC_MSGSEND = YES;
				GCC_C_LANGUAGE_STANDARD = gnu11;
				GCC_NO_COMMON_BLOCKS = YES;
				GCC_WARN_64_TO_32_BIT_CONVERSION = YES;
				GCC_WARN_ABOUT_RETURN_TYPE = YES_ERROR;
				GCC_WARN_UNDECLARED_SELECTOR = YES;
				GCC_WARN_UNINITIALIZED_AUTOS = YES_AGGRESSIVE;
				GCC_WARN_UNUSED_FUNCTION = YES;
				GCC_WARN_UNUSED_VARIABLE = YES;
				IPHONEOS_DEPLOYMENT_TARGET = 12.2;
				MTL_ENABLE_DEBUG_INFO = NO;
				MTL_FAST_MATH = YES;
				SDKROOT = iphoneos;
				VALIDATE_PRODUCT = YES;
			};
			name = Release;
		};
		5003FAFE231F6C0300D06560 /* Debug */ = {
			isa = XCBuildConfiguration;
			buildSettings = {
				ASSETCATALOG_COMPILER_APPICON_NAME = AppIcon;
				CODE_SIGN_STYLE = Automatic;
				DEVELOPMENT_TEAM = 8H6HKVCBR9;
				INFOPLIST_FILE = ZHFigureDrawingLayer/Info.plist;
				IPHONEOS_DEPLOYMENT_TARGET = 8.0;
				LD_RUNPATH_SEARCH_PATHS = (
					"$(inherited)",
					"@executable_path/Frameworks",
				);
				PRODUCT_BUNDLE_IDENTIFIER = com.Zhou.ZHFigureDrawingLayer;
				PRODUCT_NAME = "$(TARGET_NAME)";
				TARGETED_DEVICE_FAMILY = "1,2";
			};
			name = Debug;
		};
		5003FAFF231F6C0300D06560 /* Release */ = {
			isa = XCBuildConfiguration;
			buildSettings = {
				ASSETCATALOG_COMPILER_APPICON_NAME = AppIcon;
				CODE_SIGN_STYLE = Automatic;
				DEVELOPMENT_TEAM = 8H6HKVCBR9;
				INFOPLIST_FILE = ZHFigureDrawingLayer/Info.plist;
				IPHONEOS_DEPLOYMENT_TARGET = 8.0;
				LD_RUNPATH_SEARCH_PATHS = (
					"$(inherited)",
					"@executable_path/Frameworks",
				);
				PRODUCT_BUNDLE_IDENTIFIER = com.Zhou.ZHFigureDrawingLayer;
				PRODUCT_NAME = "$(TARGET_NAME)";
				TARGETED_DEVICE_FAMILY = "1,2";
			};
			name = Release;
		};
		5003FB01231F6C0300D06560 /* Debug */ = {
			isa = XCBuildConfiguration;
			buildSettings = {
				BUNDLE_LOADER = "$(TEST_HOST)";
				CODE_SIGN_STYLE = Automatic;
				DEVELOPMENT_TEAM = 8H6HKVCBR9;
				INFOPLIST_FILE = ZHFigureDrawingLayerTests/Info.plist;
				LD_RUNPATH_SEARCH_PATHS = (
					"$(inherited)",
					"@executable_path/Frameworks",
					"@loader_path/Frameworks",
				);
				PRODUCT_BUNDLE_IDENTIFIER = com.Zhou.ZHFigureDrawingLayerTests;
				PRODUCT_NAME = "$(TARGET_NAME)";
				TARGETED_DEVICE_FAMILY = "1,2";
				TEST_HOST = "$(BUILT_PRODUCTS_DIR)/ZHFigureDrawingLayer.app/ZHFigureDrawingLayer";
			};
			name = Debug;
		};
		5003FB02231F6C0300D06560 /* Release */ = {
			isa = XCBuildConfiguration;
			buildSettings = {
				BUNDLE_LOADER = "$(TEST_HOST)";
				CODE_SIGN_STYLE = Automatic;
				DEVELOPMENT_TEAM = 8H6HKVCBR9;
				INFOPLIST_FILE = ZHFigureDrawingLayerTests/Info.plist;
				LD_RUNPATH_SEARCH_PATHS = (
					"$(inherited)",
					"@executable_path/Frameworks",
					"@loader_path/Frameworks",
				);
				PRODUCT_BUNDLE_IDENTIFIER = com.Zhou.ZHFigureDrawingLayerTests;
				PRODUCT_NAME = "$(TARGET_NAME)";
				TARGETED_DEVICE_FAMILY = "1,2";
				TEST_HOST = "$(BUILT_PRODUCTS_DIR)/ZHFigureDrawingLayer.app/ZHFigureDrawingLayer";
			};
			name = Release;
		};
		5003FB04231F6C0300D06560 /* Debug */ = {
			isa = XCBuildConfiguration;
			buildSettings = {
				CODE_SIGN_STYLE = Automatic;
				DEVELOPMENT_TEAM = 8H6HKVCBR9;
				INFOPLIST_FILE = ZHFigureDrawingLayerUITests/Info.plist;
				LD_RUNPATH_SEARCH_PATHS = (
					"$(inherited)",
					"@executable_path/Frameworks",
					"@loader_path/Frameworks",
				);
				PRODUCT_BUNDLE_IDENTIFIER = com.Zhou.ZHFigureDrawingLayerUITests;
				PRODUCT_NAME = "$(TARGET_NAME)";
				TARGETED_DEVICE_FAMILY = "1,2";
				TEST_TARGET_NAME = ZHFigureDrawingLayer;
			};
			name = Debug;
		};
		5003FB05231F6C0300D06560 /* Release */ = {
			isa = XCBuildConfiguration;
			buildSettings = {
				CODE_SIGN_STYLE = Automatic;
				DEVELOPMENT_TEAM = 8H6HKVCBR9;
				INFOPLIST_FILE = ZHFigureDrawingLayerUITests/Info.plist;
				LD_RUNPATH_SEARCH_PATHS = (
					"$(inherited)",
					"@executable_path/Frameworks",
					"@loader_path/Frameworks",
				);
				PRODUCT_BUNDLE_IDENTIFIER = com.Zhou.ZHFigureDrawingLayerUITests;
				PRODUCT_NAME = "$(TARGET_NAME)";
				TARGETED_DEVICE_FAMILY = "1,2";
				TEST_TARGET_NAME = ZHFigureDrawingLayer;
			};
			name = Release;
		};
/* End XCBuildConfiguration section */

/* Begin XCConfigurationList section */
		5003FACC231F6C0100D06560 /* Build configuration list for PBXProject "ZHFigureDrawingLayer" */ = {
			isa = XCConfigurationList;
			buildConfigurations = (
				5003FAFB231F6C0300D06560 /* Debug */,
				5003FAFC231F6C0300D06560 /* Release */,
			);
			defaultConfigurationIsVisible = 0;
			defaultConfigurationName = Release;
		};
		5003FAFD231F6C0300D06560 /* Build configuration list for PBXNativeTarget "ZHFigureDrawingLayer" */ = {
			isa = XCConfigurationList;
			buildConfigurations = (
				5003FAFE231F6C0300D06560 /* Debug */,
				5003FAFF231F6C0300D06560 /* Release */,
			);
			defaultConfigurationIsVisible = 0;
			defaultConfigurationName = Release;
		};
		5003FB00231F6C0300D06560 /* Build configuration list for PBXNativeTarget "ZHFigureDrawingLayerTests" */ = {
			isa = XCConfigurationList;
			buildConfigurations = (
				5003FB01231F6C0300D06560 /* Debug */,
				5003FB02231F6C0300D06560 /* Release */,
			);
			defaultConfigurationIsVisible = 0;
			defaultConfigurationName = Release;
		};
		5003FB03231F6C0300D06560 /* Build configuration list for PBXNativeTarget "ZHFigureDrawingLayerUITests" */ = {
			isa = XCConfigurationList;
			buildConfigurations = (
				5003FB04231F6C0300D06560 /* Debug */,
				5003FB05231F6C0300D06560 /* Release */,
			);
			defaultConfigurationIsVisible = 0;
			defaultConfigurationName = Release;
		};
/* End XCConfigurationList section */
	};
	rootObject = 5003FAC9231F6C0100D06560 /* Project object */;
}
